{
  "name": "clock-dock",
  "version": "1.0.0",
  "lockfileVersion": 3,
  "requires": true,
  "packages": {
    "": {
      "name": "clock-dock",
      "version": "1.0.0",
      "dependencies": {
        "adhan": "^4.4.3",
        "tz-lookup": "^6.1.25"
      },
      "engines": {
        "node": ">=18"
      }
    },
    "node_modules/adhan": {
      "version": "4.4.4",
      "resolved": "https://registry.npmjs.org/adhan/-/adhan-4.4.4.tgz",
      "integrity": "sha512-6KmAwLtk2ZU0hLdMR3HofOuoEMa76mKv75Bknv8OEwquIGGNUFabWZna+dJI3gEuS7TqUw62Ro5PkwccgW19zw==",
      "license": "MIT"
    },
    "node_modules/tz-lookup": {
      "version": "6.1.25",
      "resolved": "https://registry.npmjs.org/tz-lookup/-/tz-lookup-6.1.25.tgz",
      "integrity": "sha512-fFewT9o1uDzsW1QnUU1ValqaihFnwiUiiHr1S79/fxOzKXYYvX+EHeRnpvQJ9B3Qg67wPXT6QF2Esc4pFOrvLg==",
      "license": "CC0-1.0"
    }
  }
}
