{
  "name": "clock-dock",
  "version": "1.0.0",
  "lockfileVersion": 3,
  "requires": true,
  "packages": {
    "": {
      "name": "clock-dock",
      "version": "1.0.0",
      "dependencies": {
        "adhan": "^4.4.3"
      },
      "engines": {
        "node": ">=18"
      }
    },
    "node_modules/adhan": {
      "version": "4.4.4",
      "resolved": "https://registry.npmjs.org/adhan/-/adhan-4.4.4.tgz",
      "integrity": "sha512-6KmAwLtk2ZU0hLdMR3HofOuoEMa76mKv75Bknv8OEwquIGGNUFabWZna+dJI3gEuS7TqUw62Ro5PkwccgW19zw==",
      "license": "MIT"
    }
  }
}
